{"is_source_file": false, "format": "", "description": "", "external_files": [], "external_methods": [], "published": [], "classes": [], "methods": [], "calls": [], "search-terms": [], "state": 2, "file_id": 22, "knowledge_revision": 48, "git_revision": "32fc3f36005292b28a18a1713013db738a0836ff", "hash": "e9b4c3b42cef0193b7fddb548d37e652", "format-version": 4, "code-base-name": "default", "filename": "calculator_frontend_workspace/calculator_frontend/post_process_status.lock", "revision_history": [{"48": "32fc3f36005292b28a18a1713013db738a0836ff"}]}